// !$*UTF8*$!
{
	archiveVersion = 1;
	classes = {
	};
	objectVersion = 50;
	objects = {

/* Begin PBXBuildFile section */
		975C78D021D12AE700DDA0ED /* AppDelegate.swift in Sources */ = {isa = PBXBuildFile; fileRef = 975C78CF21D12AE700DDA0ED /* AppDelegate.swift */; };
		975C78D221D12AE700DDA0ED /* ViewController.swift in Sources */ = {isa = PBXBuildFile; fileRef = 975C78D121D12AE700DDA0ED /* ViewController.swift */; };
		975C78D521D12AE700DDA0ED /* Main.storyboard in Resources */ = {isa = PBXBuildFile; fileRef = 975C78D321D12AE700DDA0ED /* Main.storyboard */; };
		975C78D721D12AE800DDA0ED /* Assets.xcassets in Resources */ = {isa = PBXBuildFile; fileRef = 975C78D621D12AE800DDA0ED /* Assets.xcassets */; };
		975C78DA21D12AE800DDA0ED /* LaunchScreen.storyboard in Resources */ = {isa = PBXBuildFile; fileRef = 975C78D821D12AE800DDA0ED /* LaunchScreen.storyboard */; };
		975C78E521D12AE800DDA0ED /* Bomb_FinderTests.swift in Sources */ = {isa = PBXBuildFile; fileRef = 975C78E421D12AE800DDA0ED /* Bomb_FinderTests.swift */; };
		975C78F021D12AE800DDA0ED /* Bomb_FinderUITests.swift in Sources */ = {isa = PBXBuildFile; fileRef = 975C78EF21D12AE800DDA0ED /* Bomb_FinderUITests.swift */; };
/* End PBXBuildFile section */

/* Begin PBXContainerItemProxy section */
		975C78E121D12AE800DDA0ED /* PBXContainerItemProxy */ = {
			isa = PBXContainerItemProxy;
			containerPortal = 975C78C421D12AE600DDA0ED /* Project object */;
			proxyType = 1;
			remoteGlobalIDString = 975C78CB21D12AE600DDA0ED;
			remoteInfo = "Bomb Finder";
		};
		975C78EC21D12AE800DDA0ED /* PBXContainerItemProxy */ = {
			isa = PBXContainerItemProxy;
			containerPortal = 975C78C421D12AE600DDA0ED /* Project object */;
			proxyType = 1;
			remoteGlobalIDString = 975C78CB21D12AE600DDA0ED;
			remoteInfo = "Bomb Finder";
		};
/* End PBXContainerItemProxy section */

/* Begin PBXFileReference section */
		975C78CC21D12AE700DDA0ED /* Bomb Finder.app */ = {isa = PBXFileReference; explicitFileType = wrapper.application; includeInIndex = 0; path = "Bomb Finder.app"; sourceTree = BUILT_PRODUCTS_DIR; };
		975C78CF21D12AE700DDA0ED /* AppDelegate.swift */ = {isa = PBXFileReference; lastKnownFileType = sourcecode.swift; path = AppDelegate.swift; sourceTree = "<group>"; };
		975C78D121D12AE700DDA0ED /* ViewController.swift */ = {isa = PBXFileReference; lastKnownFileType = sourcecode.swift; path = ViewController.swift; sourceTree = "<group>"; };
		975C78D421D12AE700DDA0ED /* Base */ = {isa = PBXFileReference; lastKnownFileType = file.storyboard; name = Base; path = Base.lproj/Main.storyboard; sourceTree = "<group>"; };
		975C78D621D12AE800DDA0ED /* Assets.xcassets */ = {isa = PBXFileReference; lastKnownFileType = folder.assetcatalog; path = Assets.xcassets; sourceTree = "<group>"; };
		975C78D921D12AE800DDA0ED /* Base */ = {isa = PBXFileReference; lastKnownFileType = file.storyboard; name = Base; path = Base.lproj/LaunchScreen.storyboard; sourceTree = "<group>"; };
		975C78DB21D12AE800DDA0ED /* Info.plist */ = {isa = PBXFileReference; lastKnownFileType = text.plist.xml; path = Info.plist; sourceTree = "<group>"; };
		975C78E021D12AE800DDA0ED /* Bomb FinderTests.xctest */ = {isa = PBXFileReference; explicitFileType = wrapper.cfbundle; includeInIndex = 0; path = "Bomb FinderTests.xctest"; sourceTree = BUILT_PRODUCTS_DIR; };
		975C78E421D12AE800DDA0ED /* Bomb_FinderTests.swift */ = {isa = PBXFileReference; lastKnownFileType = sourcecode.swift; path = Bomb_FinderTests.swift; sourceTree = "<group>"; };
		975C78E621D12AE800DDA0ED /* Info.plist */ = {isa = PBXFileReference; lastKnownFileType = text.plist.xml; path = Info.plist; sourceTree = "<group>"; };
		975C78EB21D12AE800DDA0ED /* Bomb FinderUITests.xctest */ = {isa = PBXFileReference; explicitFileType = wrapper.cfbundle; includeInIndex = 0; path = "Bomb FinderUITests.xctest"; sourceTree = BUILT_PRODUCTS_DIR; };
		975C78EF21D12AE800DDA0ED /* Bomb_FinderUITests.swift */ = {isa = PBXFileReference; lastKnownFileType = sourcecode.swift; path = Bomb_FinderUITests.swift; sourceTree = "<group>"; };
		975C78F121D12AE800DDA0ED /* Info.plist */ = {isa = PBXFileReference; lastKnownFileType = text.plist.xml; path = Info.plist; sourceTree = "<group>"; };
/* End PBXFileReference section */

/* Begin PBXFrameworksBuildPhase section */
		975C78C921D12AE600DDA0ED /* Frameworks */ = {
			isa = PBXFrameworksBuildPhase;
			buildActionMask = 2147483647;
			files = (
			);
			runOnlyForDeploymentPostprocessing = 0;
		};
		975C78DD21D12AE800DDA0ED /* Frameworks */ = {
			isa = PBXFrameworksBuildPhase;
			buildActionMask = 2147483647;
			files = (
			);
			runOnlyForDeploymentPostprocessing = 0;
		};
		975C78E821D12AE800DDA0ED /* Frameworks */ = {
			isa = PBXFrameworksBuildPhase;
			buildActionMask = 2147483647;
			files = (
			);
			runOnlyForDeploymentPostprocessing = 0;
		};
/* End PBXFrameworksBuildPhase section */

/* Begin PBXGroup section */
		975C78C321D12AE600DDA0ED = {
			isa = PBXGroup;
			children = (
				975C78CE21D12AE700DDA0ED /* Bomb Finder */,
				975C78E321D12AE800DDA0ED /* Bomb FinderTests */,
				975C78EE21D12AE800DDA0ED /* Bomb FinderUITests */,
				975C78CD21D12AE700DDA0ED /* Products */,
			);
			sourceTree = "<group>";
		};
		975C78CD21D12AE700DDA0ED /* Products */ = {
			isa = PBXGroup;
			children = (
				975C78CC21D12AE700DDA0ED /* Bomb Finder.app */,
				975C78E021D12AE800DDA0ED /* Bomb FinderTests.xctest */,
				975C78EB21D12AE800DDA0ED /* Bomb FinderUITests.xctest */,
			);
			name = Products;
			sourceTree = "<group>";
		};
		975C78CE21D12AE700DDA0ED /* Bomb Finder */ = {
			isa = PBXGroup;
			children = (
				975C78CF21D12AE700DDA0ED /* AppDelegate.swift */,
				975C78D121D12AE700DDA0ED /* ViewController.swift */,
				975C78D321D12AE700DDA0ED /* Main.storyboard */,
				975C78D621D12AE800DDA0ED /* Assets.xcassets */,
				975C78D821D12AE800DDA0ED /* LaunchScreen.storyboard */,
				975C78DB21D12AE800DDA0ED /* Info.plist */,
			);
			path = "Bomb Finder";
			sourceTree = "<group>";
		};
		975C78E321D12AE800DDA0ED /* Bomb FinderTests */ = {
			isa = PBXGroup;
			children = (
				975C78E421D12AE800DDA0ED /* Bomb_FinderTests.swift */,
				975C78E621D12AE800DDA0ED /* Info.plist */,
			);
			path = "Bomb FinderTests";
			sourceTree = "<group>";
		};
		975C78EE21D12AE800DDA0ED /* Bomb FinderUITests */ = {
			isa = PBXGroup;
			children = (
				975C78EF21D12AE800DDA0ED /* Bomb_FinderUITests.swift */,
				975C78F121D12AE800DDA0ED /* Info.plist */,
			);
			path = "Bomb FinderUITests";
			sourceTree = "<group>";
		};
/* End PBXGroup section */

/* Begin PBXNativeTarget section */
		975C78CB21D12AE600DDA0ED /* Bomb Finder */ = {
			isa = PBXNativeTarget;
			buildConfigurationList = 975C78F421D12AE800DDA0ED /* Build configuration list for PBXNativeTarget "Bomb Finder" */;
			buildPhases = (
				975C78C821D12AE600DDA0ED /* Sources */,
				975C78C921D12AE600DDA0ED /* Frameworks */,
				975C78CA21D12AE600DDA0ED /* Resources */,
			);
			buildRules = (
			);
			dependencies = (
			);
			name = "Bomb Finder";
			productName = "Bomb Finder";
			productReference = 975C78CC21D12AE700DDA0ED /* Bomb Finder.app */;
			productType = "com.apple.product-type.application";
		};
		975C78DF21D12AE800DDA0ED /* Bomb FinderTests */ = {
			isa = PBXNativeTarget;
			buildConfigurationList = 975C78F721D12AE800DDA0ED /* Build configuration list for PBXNativeTarget "Bomb FinderTests" */;
			buildPhases = (
				975C78DC21D12AE800DDA0ED /* Sources */,
				975C78DD21D12AE800DDA0ED /* Frameworks */,
				975C78DE21D12AE800DDA0ED /* Resources */,
			);
			buildRules = (
			);
			dependencies = (
				975C78E221D12AE800DDA0ED /* PBXTargetDependency */,
			);
			name = "Bomb FinderTests";
			productName = "Bomb FinderTests";
			productReference = 975C78E021D12AE800DDA0ED /* Bomb FinderTests.xctest */;
			productType = "com.apple.product-type.bundle.unit-test";
		};
		975C78EA21D12AE800DDA0ED /* Bomb FinderUITests */ = {
			isa = PBXNativeTarget;
			buildConfigurationList = 975C78FA21D12AE800DDA0ED /* Build configuration list for PBXNativeTarget "Bomb FinderUITests" */;
			buildPhases = (
				975C78E721D12AE800DDA0ED /* Sources */,
				975C78E821D12AE800DDA0ED /* Frameworks */,
				975C78E921D12AE800DDA0ED /* Resources */,
			);
			buildRules = (
			);
			dependencies = (
				975C78ED21D12AE800DDA0ED /* PBXTargetDependency */,
			);
			name = "Bomb FinderUITests";
			productName = "Bomb FinderUITests";
			productReference = 975C78EB21D12AE800DDA0ED /* Bomb FinderUITests.xctest */;
			productType = "com.apple.product-type.bundle.ui-testing";
		};
/* End PBXNativeTarget section */

/* Begin PBXProject section */
		975C78C421D12AE600DDA0ED /* Project object */ = {
			isa = PBXProject;
			attributes = {
				LastSwiftUpdateCheck = 1010;
				LastUpgradeCheck = 1010;
				ORGANIZATIONNAME = "Eric Jenson";
				TargetAttributes = {
					975C78CB21D12AE600DDA0ED = {
						CreatedOnToolsVersion = 10.1;
					};
					975C78DF21D12AE800DDA0ED = {
						CreatedOnToolsVersion = 10.1;
						TestTargetID = 975C78CB21D12AE600DDA0ED;
					};
					975C78EA21D12AE800DDA0ED = {
						CreatedOnToolsVersion = 10.1;
						TestTargetID = 975C78CB21D12AE600DDA0ED;
					};
				};
			};
			buildConfigurationList = 975C78C721D12AE600DDA0ED /* Build configuration list for PBXProject "Bomb Finder" */;
			compatibilityVersion = "Xcode 9.3";
			developmentRegion = en;
			hasScannedForEncodings = 0;
			knownRegions = (
				en,
				Base,
			);
			mainGroup = 975C78C321D12AE600DDA0ED;
			productRefGroup = 975C78CD21D12AE700DDA0ED /* Products */;
			projectDirPath = "";
			projectRoot = "";
			targets = (
				975C78CB21D12AE600DDA0ED /* Bomb Finder */,
				975C78DF21D12AE800DDA0ED /* Bomb FinderTests */,
				975C78EA21D12AE800DDA0ED /* Bomb FinderUITests */,
			);
		};
/* End PBXProject section */

/* Begin PBXResourcesBuildPhase section */
		975C78CA21D12AE600DDA0ED /* Resources */ = {
			isa = PBXResourcesBuildPhase;
			buildActionMask = 2147483647;
			files = (
				975C78DA21D12AE800DDA0ED /* LaunchScreen.storyboard in Resources */,
				975C78D721D12AE800DDA0ED /* Assets.xcassets in Resources */,
				975C78D521D12AE700DDA0ED /* Main.storyboard in Resources */,
			);
			runOnlyForDeploymentPostprocessing = 0;
		};
		975C78DE21D12AE800DDA0ED /* Resources */ = {
			isa = PBXResourcesBuildPhase;
			buildActionMask = 2147483647;
			files = (
			);
			runOnlyForDeploymentPostprocessing = 0;
		};
		975C78E921D12AE800DDA0ED /* Resources */ = {
			isa = PBXResourcesBuildPhase;
			buildActionMask = 2147483647;
			files = (
			);
			runOnlyForDeploymentPostprocessing = 0;
		};
/* End PBXResourcesBuildPhase section */

/* Begin PBXSourcesBuildPhase section */
		975C78C821D12AE600DDA0ED /* Sources */ = {
			isa = PBXSourcesBuildPhase;
			buildActionMask = 2147483647;
			files = (
				975C78D221D12AE700DDA0ED /* ViewController.swift in Sources */,
				975C78D021D12AE700DDA0ED /* AppDelegate.swift in Sources */,
			);
			runOnlyForDeploymentPostprocessing = 0;
		};
		975C78DC21D12AE800DDA0ED /* Sources */ = {
			isa = PBXSourcesBuildPhase;
			buildActionMask = 2147483647;
			files = (
				975C78E521D12AE800DDA0ED /* Bomb_FinderTests.swift in Sources */,
			);
			runOnlyForDeploymentPostprocessing = 0;
		};
		975C78E721D12AE800DDA0ED /* Sources */ = {
			isa = PBXSourcesBuildPhase;
			buildActionMask = 2147483647;
			files = (
				975C78F021D12AE800DDA0ED /* Bomb_FinderUITests.swift in Sources */,
			);
			runOnlyForDeploymentPostprocessing = 0;
		};
/* End PBXSourcesBuildPhase section */

/* Begin PBXTargetDependency section */
		975C78E221D12AE800DDA0ED /* PBXTargetDependency */ = {
			isa = PBXTargetDependency;
			target = 975C78CB21D12AE600DDA0ED /* Bomb Finder */;
			targetProxy = 975C78E121D12AE800DDA0ED /* PBXContainerItemProxy */;
		};
		975C78ED21D12AE800DDA0ED /* PBXTargetDependency */ = {
			isa = PBXTargetDependency;
			target = 975C78CB21D12AE600DDA0ED /* Bomb Finder */;
			targetProxy = 975C78EC21D12AE800DDA0ED /* PBXContainerItemProxy */;
		};
/* End PBXTargetDependency section */

/* Begin PBXVariantGroup section */
		975C78D321D12AE700DDA0ED /* Main.storyboard */ = {
			isa = PBXVariantGroup;
			children = (
				975C78D421D12AE700DDA0ED /* Base */,
			);
			name = Main.storyboard;
			sourceTree = "<group>";
		};
		975C78D821D12AE800DDA0ED /* LaunchScreen.storyboard */ = {
			isa = PBXVariantGroup;
			children = (
				975C78D921D12AE800DDA0ED /* Base */,
			);
			name = LaunchScreen.storyboard;
			sourceTree = "<group>";
		};
/* End PBXVariantGroup section */

/* Begin XCBuildConfiguration section */
		975C78F221D12AE800DDA0ED /* Debug */ = {
			isa = XCBuildConfiguration;
			buildSettings = {
				ALWAYS_SEARCH_USER_PATHS = NO;
				CLANG_ANALYZER_NONNULL = YES;
				CLANG_ANALYZER_NUMBER_OBJECT_CONVERSION = YES_AGGRESSIVE;
				CLANG_CXX_LANGUAGE_STANDARD = "gnu++14";
				CLANG_CXX_LIBRARY = "libc++";
				CLANG_ENABLE_MODULES = YES;
				CLANG_ENABLE_OBJC_ARC = YES;
				CLANG_ENABLE_OBJC_WEAK = YES;
				CLANG_WARN_BLOCK_CAPTURE_AUTORELEASING = YES;
				CLANG_WARN_BOOL_CONVERSION = YES;
				CLANG_WARN_COMMA = YES;
				CLANG_WARN_CONSTANT_CONVERSION = YES;
				CLANG_WARN_DEPRECATED_OBJC_IMPLEMENTATIONS = YES;
				CLANG_WARN_DIRECT_OBJC_ISA_USAGE = YES_ERROR;
				CLANG_WARN_DOCUMENTATION_COMMENTS = YES;
				CLANG_WARN_EMPTY_BODY = YES;
				CLANG_WARN_ENUM_CONVERSION = YES;
				CLANG_WARN_INFINITE_RECURSION = YES;
				CLANG_WARN_INT_CONVERSION = YES;
				CLANG_WARN_NON_LITERAL_NULL_CONVERSION = YES;
				CLANG_WARN_OBJC_IMPLICIT_RETAIN_SELF = YES;
				CLANG_WARN_OBJC_LITERAL_CONVERSION = YES;
				CLANG_WARN_OBJC_ROOT_CLASS = YES_ERROR;
				CLANG_WARN_RANGE_LOOP_ANALYSIS = YES;
				CLANG_WARN_STRICT_PROTOTYPES = YES;
				CLANG_WARN_SUSPICIOUS_MOVE = YES;
				CLANG_WARN_UNGUARDED_AVAILABILITY = YES_AGGRESSIVE;
				CLANG_WARN_UNREACHABLE_CODE = YES;
				CLANG_WARN__DUPLICATE_METHOD_MATCH = YES;
				CODE_SIGN_IDENTITY = "iPhone Developer";
				COPY_PHASE_STRIP = NO;
				DEBUG_INFORMATION_FORMAT = dwarf;
				ENABLE_STRICT_OBJC_MSGSEND = YES;
				ENABLE_TESTABILITY = YES;
				GCC_C_LANGUAGE_STANDARD = gnu11;
				GCC_DYNAMIC_NO_PIC = NO;
				GCC_NO_COMMON_BLOCKS = YES;
				GCC_OPTIMIZATION_LEVEL = 0;
				GCC_PREPROCESSOR_DEFINITIONS = (
					"DEBUG=1",
					"$(inherited)",
				);
				GCC_WARN_64_TO_32_BIT_CONVERSION = YES;
				GCC_WARN_ABOUT_RETURN_TYPE = YES_ERROR;
				GCC_WARN_UNDECLARED_SELECTOR = YES;
				GCC_WARN_UNINITIALIZED_AUTOS = YES_AGGRESSIVE;
				GCC_WARN_UNUSED_FUNCTION = YES;
				GCC_WARN_UNUSED_VARIABLE = YES;
				IPHONEOS_DEPLOYMENT_TARGET = 12.1;
				MTL_ENABLE_DEBUG_INFO = INCLUDE_SOURCE;
				MTL_FAST_MATH = YES;
				ONLY_ACTIVE_ARCH = YES;
				SDKROOT = iphoneos;
				SWIFT_ACTIVE_COMPILATION_CONDITIONS = DEBUG;
				SWIFT_OPTIMIZATION_LEVEL = "-Onone";
			};
			name = Debug;
		};
		975C78F321D12AE800DDA0ED /* Release */ = {
			isa = XCBuildConfiguration;
			buildSettings = {
				ALWAYS_SEARCH_USER_PATHS = NO;
				CLANG_ANALYZER_NONNULL = YES;
				CLANG_ANALYZER_NUMBER_OBJECT_CONVERSION = YES_AGGRESSIVE;
				CLANG_CXX_LANGUAGE_STANDARD = "gnu++14";
				CLANG_CXX_LIBRARY = "libc++";
				CLANG_ENABLE_MODULES = YES;
				CLANG_ENABLE_OBJC_ARC = YES;
				CLANG_ENABLE_OBJC_WEAK = YES;
				CLANG_WARN_BLOCK_CAPTURE_AUTORELEASING = YES;
				CLANG_WARN_BOOL_CONVERSION = YES;
				CLANG_WARN_COMMA = YES;
				CLANG_WARN_CONSTANT_CONVERSION = YES;
				CLANG_WARN_DEPRECATED_OBJC_IMPLEMENTATIONS = YES;
				CLANG_WARN_DIRECT_OBJC_ISA_USAGE = YES_ERROR;
				CLANG_WARN_DOCUMENTATION_COMMENTS = YES;
				CLANG_WARN_EMPTY_BODY = YES;
				CLANG_WARN_ENUM_CONVERSION = YES;
				CLANG_WARN_INFINITE_RECURSION = YES;
				CLANG_WARN_INT_CONVERSION = YES;
				CLANG_WARN_NON_LITERAL_NULL_CONVERSION = YES;
				CLANG_WARN_OBJC_IMPLICIT_RETAIN_SELF = YES;
				CLANG_WARN_OBJC_LITERAL_CONVERSION = YES;
				CLANG_WARN_OBJC_ROOT_CLASS = YES_ERROR;
				CLANG_WARN_RANGE_LOOP_ANALYSIS = YES;
				CLANG_WARN_STRICT_PROTOTYPES = YES;
				CLANG_WARN_SUSPICIOUS_MOVE = YES;
				CLANG_WARN_UNGUARDED_AVAILABILITY = YES_AGGRESSIVE;
				CLANG_WARN_UNREACHABLE_CODE = YES;
				CLANG_WARN__DUPLICATE_METHOD_MATCH = YES;
				CODE_SIGN_IDENTITY = "iPhone Developer";
				COPY_PHASE_STRIP = NO;
				DEBUG_INFORMATION_FORMAT = "dwarf-with-dsym";
				ENABLE_NS_ASSERTIONS = NO;
				ENABLE_STRICT_OBJC_MSGSEND = YES;
				GCC_C_LANGUAGE_STANDARD = gnu11;
				GCC_NO_COMMON_BLOCKS = YES;
				GCC_WARN_64_TO_32_BIT_CONVERSION = YES;
				GCC_WARN_ABOUT_RETURN_TYPE = YES_ERROR;
				GCC_WARN_UNDECLARED_SELECTOR = YES;
				GCC_WARN_UNINITIALIZED_AUTOS = YES_AGGRESSIVE;
				GCC_WARN_UNUSED_FUNCTION = YES;
				GCC_WARN_UNUSED_VARIABLE = YES;
				IPHONEOS_DEPLOYMENT_TARGET = 12.1;
				MTL_ENABLE_DEBUG_INFO = NO;
				MTL_FAST_MATH = YES;
				SDKROOT = iphoneos;
				SWIFT_COMPILATION_MODE = wholemodule;
				SWIFT_OPTIMIZATION_LEVEL = "-O";
				VALIDATE_PRODUCT = YES;
			};
			name = Release;
		};
		975C78F521D12AE800DDA0ED /* Debug */ = {
			isa = XCBuildConfiguration;
			buildSettings = {
				ASSETCATALOG_COMPILER_APPICON_NAME = AppIcon;
				CODE_SIGN_STYLE = Automatic;
				INFOPLIST_FILE = "Bomb Finder/Info.plist";
				LD_RUNPATH_SEARCH_PATHS = (
					"$(inherited)",
					"@executable_path/Frameworks",
				);
				PRODUCT_BUNDLE_IDENTIFIER = "com.ericjlabs.Bomb-Finder";
				PRODUCT_NAME = "$(TARGET_NAME)";
				SWIFT_VERSION = 4.2;
				TARGETED_DEVICE_FAMILY = "1,2";
			};
			name = Debug;
		};
		975C78F621D12AE800DDA0ED /* Release */ = {
			isa = XCBuildConfiguration;
			buildSettings = {
				ASSETCATALOG_COMPILER_APPICON_NAME = AppIcon;
				CODE_SIGN_STYLE = Automatic;
				INFOPLIST_FILE = "Bomb Finder/Info.plist";
				LD_RUNPATH_SEARCH_PATHS = (
					"$(inherited)",
					"@executable_path/Frameworks",
				);
				PRODUCT_BUNDLE_IDENTIFIER = "com.ericjlabs.Bomb-Finder";
				PRODUCT_NAME = "$(TARGET_NAME)";
				SWIFT_VERSION = 4.2;
				TARGETED_DEVICE_FAMILY = "1,2";
			};
			name = Release;
		};
		975C78F821D12AE800DDA0ED /* Debug */ = {
			isa = XCBuildConfiguration;
			buildSettings = {
				ALWAYS_EMBED_SWIFT_STANDARD_LIBRARIES = YES;
				BUNDLE_LOADER = "$(TEST_HOST)";
				CODE_SIGN_STYLE = Automatic;
				INFOPLIST_FILE = "Bomb FinderTests/Info.plist";
				LD_RUNPATH_SEARCH_PATHS = (
					"$(inherited)",
					"@executable_path/Frameworks",
					"@loader_path/Frameworks",
				);
				PRODUCT_BUNDLE_IDENTIFIER = "com.ericjlabs.Bomb-FinderTests";
				PRODUCT_NAME = "$(TARGET_NAME)";
				SWIFT_VERSION = 4.2;
				TARGETED_DEVICE_FAMILY = "1,2";
				TEST_HOST = "$(BUILT_PRODUCTS_DIR)/Bomb Finder.app/Bomb Finder";
			};
			name = Debug;
		};
		975C78F921D12AE800DDA0ED /* Release */ = {
			isa = XCBuildConfiguration;
			buildSettings = {
				ALWAYS_EMBED_SWIFT_STANDARD_LIBRARIES = YES;
				BUNDLE_LOADER = "$(TEST_HOST)";
				CODE_SIGN_STYLE = Automatic;
				INFOPLIST_FILE = "Bomb FinderTests/Info.plist";
				LD_RUNPATH_SEARCH_PATHS = (
					"$(inherited)",
					"@executable_path/Frameworks",
					"@loader_path/Frameworks",
				);
				PRODUCT_BUNDLE_IDENTIFIER = "com.ericjlabs.Bomb-FinderTests";
				PRODUCT_NAME = "$(TARGET_NAME)";
				SWIFT_VERSION = 4.2;
				TARGETED_DEVICE_FAMILY = "1,2";
				TEST_HOST = "$(BUILT_PRODUCTS_DIR)/Bomb Finder.app/Bomb Finder";
			};
			name = Release;
		};
		975C78FB21D12AE800DDA0ED /* Debug */ = {
			isa = XCBuildConfiguration;
			buildSettings = {
				ALWAYS_EMBED_SWIFT_STANDARD_LIBRARIES = YES;
				CODE_SIGN_STYLE = Automatic;
				INFOPLIST_FILE = "Bomb FinderUITests/Info.plist";
				LD_RUNPATH_SEARCH_PATHS = (
					"$(inherited)",
					"@executable_path/Frameworks",
					"@loader_path/Frameworks",
				);
				PRODUCT_BUNDLE_IDENTIFIER = "com.ericjlabs.Bomb-FinderUITests";
				PRODUCT_NAME = "$(TARGET_NAME)";
				SWIFT_VERSION = 4.2;
				TARGETED_DEVICE_FAMILY = "1,2";
				TEST_TARGET_NAME = "Bomb Finder";
			};
			name = Debug;
		};
		975C78FC21D12AE800DDA0ED /* Release */ = {
			isa = XCBuildConfiguration;
			buildSettings = {
				ALWAYS_EMBED_SWIFT_STANDARD_LIBRARIES = YES;
				CODE_SIGN_STYLE = Automatic;
				INFOPLIST_FILE = "Bomb FinderUITests/Info.plist";
				LD_RUNPATH_SEARCH_PATHS = (
					"$(inherited)",
					"@executable_path/Frameworks",
					"@loader_path/Frameworks",
				);
				PRODUCT_BUNDLE_IDENTIFIER = "com.ericjlabs.Bomb-FinderUITests";
				PRODUCT_NAME = "$(TARGET_NAME)";
				SWIFT_VERSION = 4.2;
				TARGETED_DEVICE_FAMILY = "1,2";
				TEST_TARGET_NAME = "Bomb Finder";
			};
			name = Release;
		};
/* End XCBuildConfiguration section */

/* Begin XCConfigurationList section */
		975C78C721D12AE600DDA0ED /* Build configuration list for PBXProject "Bomb Finder" */ = {
			isa = XCConfigurationList;
			buildConfigurations = (
				975C78F221D12AE800DDA0ED /* Debug */,
				975C78F321D12AE800DDA0ED /* Release */,
			);
			defaultConfigurationIsVisible = 0;
			defaultConfigurationName = Release;
		};
		975C78F421D12AE800DDA0ED /* Build configuration list for PBXNativeTarget "Bomb Finder" */ = {
			isa = XCConfigurationList;
			buildConfigurations = (
				975C78F521D12AE800DDA0ED /* Debug */,
				975C78F621D12AE800DDA0ED /* Release */,
			);
			defaultConfigurationIsVisible = 0;
			defaultConfigurationName = Release;
		};
		975C78F721D12AE800DDA0ED /* Build configuration list for PBXNativeTarget "Bomb FinderTests" */ = {
			isa = XCConfigurationList;
			buildConfigurations = (
				975C78F821D12AE800DDA0ED /* Debug */,
				975C78F921D12AE800DDA0ED /* Release */,
			);
			defaultConfigurationIsVisible = 0;
			defaultConfigurationName = Release;
		};
		975C78FA21D12AE800DDA0ED /* Build configuration list for PBXNativeTarget "Bomb FinderUITests" */ = {
			isa = XCConfigurationList;
			buildConfigurations = (
				975C78FB21D12AE800DDA0ED /* Debug */,
				975C78FC21D12AE800DDA0ED /* Release */,
			);
			defaultConfigurationIsVisible = 0;
			defaultConfigurationName = Release;
		};
/* End XCConfigurationList section */
	};
	rootObject = 975C78C421D12AE600DDA0ED /* Project object */;
}
